// !$*UTF8*$!
{
	archiveVersion = 1;
	classes = {
	};
	objectVersion = 46;
	objects = {

/* Begin PBXBuildFile section */
		6F61C1379FDB08E5BE112202 /* libPods-Carmgr.a in Frameworks */ = {isa = PBXBuildFile; fileRef = A9F25A80A03943501A53A01A /* libPods-Carmgr.a */; };
		8477762B1D124BF100DE8213 /* main.m in Sources */ = {isa = PBXBuildFile; fileRef = 8477762A1D124BF100DE8213 /* main.m */; };
		8477762E1D124BF100DE8213 /* AppDelegate.m in Sources */ = {isa = PBXBuildFile; fileRef = 8477762D1D124BF100DE8213 /* AppDelegate.m */; };
		847776311D124BF100DE8213 /* ViewController.m in Sources */ = {isa = PBXBuildFile; fileRef = 847776301D124BF100DE8213 /* ViewController.m */; };
		847776341D124BF100DE8213 /* Main.storyboard in Resources */ = {isa = PBXBuildFile; fileRef = 847776321D124BF100DE8213 /* Main.storyboard */; };
		847776391D124BF100DE8213 /* LaunchScreen.storyboard in Resources */ = {isa = PBXBuildFile; fileRef = 847776371D124BF100DE8213 /* LaunchScreen.storyboard */; };
		847776441D124BF100DE8213 /* CarmgrTests.m in Sources */ = {isa = PBXBuildFile; fileRef = 847776431D124BF100DE8213 /* CarmgrTests.m */; };
		8477764F1D124BF100DE8213 /* CarmgrUITests.m in Sources */ = {isa = PBXBuildFile; fileRef = 8477764E1D124BF100DE8213 /* CarmgrUITests.m */; };
		847776661D1258AC00DE8213 /* YWHomeViewController.m in Sources */ = {isa = PBXBuildFile; fileRef = 847776651D1258AC00DE8213 /* YWHomeViewController.m */; };
		847776691D1258B800DE8213 /* YWStoreViewController.m in Sources */ = {isa = PBXBuildFile; fileRef = 847776681D1258B800DE8213 /* YWStoreViewController.m */; };
		8477766D1D1258D800DE8213 /* YWCallViewController.m in Sources */ = {isa = PBXBuildFile; fileRef = 8477766C1D1258D800DE8213 /* YWCallViewController.m */; };
		847776701D1258E500DE8213 /* YWProgressViewController.m in Sources */ = {isa = PBXBuildFile; fileRef = 8477766F1D1258E500DE8213 /* YWProgressViewController.m */; };
		847776731D12591C00DE8213 /* YWTabBarController.m in Sources */ = {isa = PBXBuildFile; fileRef = 847776721D12591C00DE8213 /* YWTabBarController.m */; };
		847776791D13CA7700DE8213 /* u10.png in Resources */ = {isa = PBXBuildFile; fileRef = 847776781D13CA7700DE8213 /* u10.png */; };
		847D09CD1D2A0E8400EBFF37 /* StoreView.m in Sources */ = {isa = PBXBuildFile; fileRef = 847D09CC1D2A0E8400EBFF37 /* StoreView.m */; };
		847D09D11D2A3E0B00EBFF37 /* StoreTableViewCell.m in Sources */ = {isa = PBXBuildFile; fileRef = 847D09D01D2A3E0B00EBFF37 /* StoreTableViewCell.m */; };
		847D09D41D2B980E00EBFF37 /* NSString+MD5.m in Sources */ = {isa = PBXBuildFile; fileRef = 847D09D31D2B980E00EBFF37 /* NSString+MD5.m */; };
		847D09DE1D2D1C7300EBFF37 /* ProgressView.m in Sources */ = {isa = PBXBuildFile; fileRef = 847D09DD1D2D1C7300EBFF37 /* ProgressView.m */; };
		847D09E51D2F6F8C00EBFF37 /* ProgressTableViewCell.m in Sources */ = {isa = PBXBuildFile; fileRef = 847D09E41D2F6F8C00EBFF37 /* ProgressTableViewCell.m */; };
		847D09E81D2FA82B00EBFF37 /* ProgressModel.m in Sources */ = {isa = PBXBuildFile; fileRef = 847D09E71D2FA82B00EBFF37 /* ProgressModel.m */; };
		84A929FE1D2618E1001DD20F /* DevelopViewController.m in Sources */ = {isa = PBXBuildFile; fileRef = 84A929FD1D2618E1001DD20F /* DevelopViewController.m */; };
		84A92A011D264F17001DD20F /* ServiceCollection.m in Sources */ = {isa = PBXBuildFile; fileRef = 84A92A001D264F17001DD20F /* ServiceCollection.m */; };
		84A92A081D266C26001DD20F /* UsedCarCollectionCell.m in Sources */ = {isa = PBXBuildFile; fileRef = 84A92A071D266C26001DD20F /* UsedCarCollectionCell.m */; };
		84A92A0C1D2681FF001DD20F /* HotTableViewCell.m in Sources */ = {isa = PBXBuildFile; fileRef = 84A92A0B1D2681FF001DD20F /* HotTableViewCell.m */; };
		84BAEED41D34EB7400227A15 /* 服务协议.txt in Resources */ = {isa = PBXBuildFile; fileRef = 84BAEED31D34EB7400227A15 /* 服务协议.txt */; };
		84BAEEDB1D36051C00227A15 /* RegularTools.m in Sources */ = {isa = PBXBuildFile; fileRef = 84BAEEDA1D36051C00227A15 /* RegularTools.m */; };
		84BAEEDD1D36053D00227A15 /* 方案1.png in Resources */ = {isa = PBXBuildFile; fileRef = 84BAEEDC1D36053D00227A15 /* 方案1.png */; };
		84BAEEE01D36056200227A15 /* FastLoginViewController.m in Sources */ = {isa = PBXBuildFile; fileRef = 84BAEEDF1D36056200227A15 /* FastLoginViewController.m */; };
		84BAEEE31D36057700227A15 /* FindPasswdViewController.m in Sources */ = {isa = PBXBuildFile; fileRef = 84BAEEE21D36057700227A15 /* FindPasswdViewController.m */; };
		84BAEEE61D36058E00227A15 /* ResetPasswdViewController.m in Sources */ = {isa = PBXBuildFile; fileRef = 84BAEEE51D36058E00227A15 /* ResetPasswdViewController.m */; };
		84BAEEE91D3605B700227A15 /* YWRegistViewController.m in Sources */ = {isa = PBXBuildFile; fileRef = 84BAEEE81D3605B700227A15 /* YWRegistViewController.m */; };
		84BAEEEC1D3605C800227A15 /* RegistView.m in Sources */ = {isa = PBXBuildFile; fileRef = 84BAEEEB1D3605C800227A15 /* RegistView.m */; };
		84BAEEEF1D3605DD00227A15 /* ServiceDelegateController.m in Sources */ = {isa = PBXBuildFile; fileRef = 84BAEEEE1D3605DD00227A15 /* ServiceDelegateController.m */; };
		84BAEEF21D36064B00227A15 /* YWLoginViewController.m in Sources */ = {isa = PBXBuildFile; fileRef = 84BAEEF11D36064B00227A15 /* YWLoginViewController.m */; };
		84BAEEF51D36067300227A15 /* LoginView.m in Sources */ = {isa = PBXBuildFile; fileRef = 84BAEEF41D36067300227A15 /* LoginView.m */; };
		84BAEEF81D36069100227A15 /* UserCenterFunc.m in Sources */ = {isa = PBXBuildFile; fileRef = 84BAEEF71D36069100227A15 /* UserCenterFunc.m */; };
		84BAEEFB1D3606A800227A15 /* AddCarInfoView.m in Sources */ = {isa = PBXBuildFile; fileRef = 84BAEEFA1D3606A800227A15 /* AddCarInfoView.m */; };
		84BAEF001D3606C000227A15 /* AddCarCell.m in Sources */ = {isa = PBXBuildFile; fileRef = 84BAEEFD1D3606C000227A15 /* AddCarCell.m */; };
		84BAEF011D3606C000227A15 /* AddCarInfoCell.m in Sources */ = {isa = PBXBuildFile; fileRef = 84BAEEFF1D3606C000227A15 /* AddCarInfoCell.m */; };
		84BAEF041D3606DB00227A15 /* CarVerifyViewController.m in Sources */ = {isa = PBXBuildFile; fileRef = 84BAEF031D3606DB00227A15 /* CarVerifyViewController.m */; };
		84BAEF071D36070A00227A15 /* AddCarInfoViewController.m in Sources */ = {isa = PBXBuildFile; fileRef = 84BAEF061D36070A00227A15 /* AddCarInfoViewController.m */; };
		84BAEF0A1D36071A00227A15 /* SettingViewController.m in Sources */ = {isa = PBXBuildFile; fileRef = 84BAEF091D36071A00227A15 /* SettingViewController.m */; };
		84BEE1241D24B86F00D5FAD5 /* HomeView.m in Sources */ = {isa = PBXBuildFile; fileRef = 84BEE1231D24B86F00D5FAD5 /* HomeView.m */; };
		84BEE12E1D24F34500D5FAD5 /* ServiceCollectionCell.m in Sources */ = {isa = PBXBuildFile; fileRef = 84BEE12D1D24F34500D5FAD5 /* ServiceCollectionCell.m */; };
		84F271981D22159E00498441 /* Interface.m in Sources */ = {isa = PBXBuildFile; fileRef = 84F271971D22159E00498441 /* Interface.m */; };
		84F2719B1D225F0800498441 /* CityChooseViewController.m in Sources */ = {isa = PBXBuildFile; fileRef = 84F2719A1D225F0800498441 /* CityChooseViewController.m */; };
		84F3C2A91D190A8600597BFD /* YWPublic.m in Sources */ = {isa = PBXBuildFile; fileRef = 84F3C2A81D190A8600597BFD /* YWPublic.m */; };
		84F3C2AC1D190AA600597BFD /* YWUserViewController.m in Sources */ = {isa = PBXBuildFile; fileRef = 84F3C2AB1D190AA600597BFD /* YWUserViewController.m */; };
		84F3C2AF1D1920C400597BFD /* ScanImageViewController.m in Sources */ = {isa = PBXBuildFile; fileRef = 84F3C2AE1D1920C400597BFD /* ScanImageViewController.m */; };
		84F3C2B51D193AB300597BFD /* city.plist in Resources */ = {isa = PBXBuildFile; fileRef = 84F3C2B21D193AB300597BFD /* city.plist */; };
		84F3C2BC1D193CE600597BFD /* NavigationAttribute.m in Sources */ = {isa = PBXBuildFile; fileRef = 84F3C2BB1D193CE600597BFD /* NavigationAttribute.m */; };
		84F3C2D21D1B719E00597BFD /* Assets.xcassets in Resources */ = {isa = PBXBuildFile; fileRef = 84F3C2D11D1B719E00597BFD /* Assets.xcassets */; };
/* End PBXBuildFile section */

/* Begin PBXContainerItemProxy section */
		847776401D124BF100DE8213 /* PBXContainerItemProxy */ = {
			isa = PBXContainerItemProxy;
			containerPortal = 8477761E1D124BF100DE8213 /* Project object */;
			proxyType = 1;
			remoteGlobalIDString = 847776251D124BF100DE8213;
			remoteInfo = Carmgr;
		};
		8477764B1D124BF100DE8213 /* PBXContainerItemProxy */ = {
			isa = PBXContainerItemProxy;
			containerPortal = 8477761E1D124BF100DE8213 /* Project object */;
			proxyType = 1;
			remoteGlobalIDString = 847776251D124BF100DE8213;
			remoteInfo = Carmgr;
		};
/* End PBXContainerItemProxy section */

/* Begin PBXFileReference section */
		66918D807C086A51FB9C2BE0 /* Pods-Carmgr.debug.xcconfig */ = {isa = PBXFileReference; includeInIndex = 1; lastKnownFileType = text.xcconfig; name = "Pods-Carmgr.debug.xcconfig"; path = "Pods/Target Support Files/Pods-Carmgr/Pods-Carmgr.debug.xcconfig"; sourceTree = "<group>"; };
		847776261D124BF100DE8213 /* Carmgr.app */ = {isa = PBXFileReference; explicitFileType = wrapper.application; includeInIndex = 0; path = Carmgr.app; sourceTree = BUILT_PRODUCTS_DIR; };
		8477762A1D124BF100DE8213 /* main.m */ = {isa = PBXFileReference; lastKnownFileType = sourcecode.c.objc; path = main.m; sourceTree = "<group>"; };
		8477762C1D124BF100DE8213 /* AppDelegate.h */ = {isa = PBXFileReference; lastKnownFileType = sourcecode.c.h; path = AppDelegate.h; sourceTree = "<group>"; };
		8477762D1D124BF100DE8213 /* AppDelegate.m */ = {isa = PBXFileReference; lastKnownFileType = sourcecode.c.objc; path = AppDelegate.m; sourceTree = "<group>"; };
		8477762F1D124BF100DE8213 /* ViewController.h */ = {isa = PBXFileReference; lastKnownFileType = sourcecode.c.h; path = ViewController.h; sourceTree = "<group>"; };
		847776301D124BF100DE8213 /* ViewController.m */ = {isa = PBXFileReference; lastKnownFileType = sourcecode.c.objc; path = ViewController.m; sourceTree = "<group>"; };
		847776331D124BF100DE8213 /* Base */ = {isa = PBXFileReference; lastKnownFileType = file.storyboard; name = Base; path = Base.lproj/Main.storyboard; sourceTree = "<group>"; };
		847776381D124BF100DE8213 /* Base */ = {isa = PBXFileReference; lastKnownFileType = file.storyboard; name = Base; path = Base.lproj/LaunchScreen.storyboard; sourceTree = "<group>"; };
		8477763A1D124BF100DE8213 /* Info.plist */ = {isa = PBXFileReference; lastKnownFileType = text.plist.xml; path = Info.plist; sourceTree = "<group>"; };
		8477763F1D124BF100DE8213 /* CarmgrTests.xctest */ = {isa = PBXFileReference; explicitFileType = wrapper.cfbundle; includeInIndex = 0; path = CarmgrTests.xctest; sourceTree = BUILT_PRODUCTS_DIR; };
		847776431D124BF100DE8213 /* CarmgrTests.m */ = {isa = PBXFileReference; lastKnownFileType = sourcecode.c.objc; path = CarmgrTests.m; sourceTree = "<group>"; };
		847776451D124BF100DE8213 /* Info.plist */ = {isa = PBXFileReference; lastKnownFileType = text.plist.xml; path = Info.plist; sourceTree = "<group>"; };
		8477764A1D124BF100DE8213 /* CarmgrUITests.xctest */ = {isa = PBXFileReference; explicitFileType = wrapper.cfbundle; includeInIndex = 0; path = CarmgrUITests.xctest; sourceTree = BUILT_PRODUCTS_DIR; };
		8477764E1D124BF100DE8213 /* CarmgrUITests.m */ = {isa = PBXFileReference; lastKnownFileType = sourcecode.c.objc; path = CarmgrUITests.m; sourceTree = "<group>"; };
		847776501D124BF100DE8213 /* Info.plist */ = {isa = PBXFileReference; lastKnownFileType = text.plist.xml; path = Info.plist; sourceTree = "<group>"; };
		847776641D1258AC00DE8213 /* YWHomeViewController.h */ = {isa = PBXFileReference; fileEncoding = 4; lastKnownFileType = sourcecode.c.h; path = YWHomeViewController.h; sourceTree = "<group>"; };
		847776651D1258AC00DE8213 /* YWHomeViewController.m */ = {isa = PBXFileReference; fileEncoding = 4; lastKnownFileType = sourcecode.c.objc; path = YWHomeViewController.m; sourceTree = "<group>"; };
		847776671D1258B800DE8213 /* YWStoreViewController.h */ = {isa = PBXFileReference; fileEncoding = 4; lastKnownFileType = sourcecode.c.h; path = YWStoreViewController.h; sourceTree = "<group>"; };
		847776681D1258B800DE8213 /* YWStoreViewController.m */ = {isa = PBXFileReference; fileEncoding = 4; lastKnownFileType = sourcecode.c.objc; path = YWStoreViewController.m; sourceTree = "<group>"; };
		8477766B1D1258D800DE8213 /* YWCallViewController.h */ = {isa = PBXFileReference; fileEncoding = 4; lastKnownFileType = sourcecode.c.h; path = YWCallViewController.h; sourceTree = "<group>"; };
		8477766C1D1258D800DE8213 /* YWCallViewController.m */ = {isa = PBXFileReference; fileEncoding = 4; lastKnownFileType = sourcecode.c.objc; path = YWCallViewController.m; sourceTree = "<group>"; };
		8477766E1D1258E500DE8213 /* YWProgressViewController.h */ = {isa = PBXFileReference; fileEncoding = 4; lastKnownFileType = sourcecode.c.h; path = YWProgressViewController.h; sourceTree = "<group>"; };
		8477766F1D1258E500DE8213 /* YWProgressViewController.m */ = {isa = PBXFileReference; fileEncoding = 4; lastKnownFileType = sourcecode.c.objc; path = YWProgressViewController.m; sourceTree = "<group>"; };
		847776711D12591C00DE8213 /* YWTabBarController.h */ = {isa = PBXFileReference; fileEncoding = 4; lastKnownFileType = sourcecode.c.h; path = YWTabBarController.h; sourceTree = "<group>"; };
		847776721D12591C00DE8213 /* YWTabBarController.m */ = {isa = PBXFileReference; fileEncoding = 4; lastKnownFileType = sourcecode.c.objc; path = YWTabBarController.m; sourceTree = "<group>"; };
		847776781D13CA7700DE8213 /* u10.png */ = {isa = PBXFileReference; lastKnownFileType = image.png; name = u10.png; path = Carmgr/u10.png; sourceTree = "<group>"; };
		847D09CB1D2A0E8400EBFF37 /* StoreView.h */ = {isa = PBXFileReference; fileEncoding = 4; lastKnownFileType = sourcecode.c.h; path = StoreView.h; sourceTree = "<group>"; };
		847D09CC1D2A0E8400EBFF37 /* StoreView.m */ = {isa = PBXFileReference; fileEncoding = 4; lastKnownFileType = sourcecode.c.objc; path = StoreView.m; sourceTree = "<group>"; };
		847D09CF1D2A3E0B00EBFF37 /* StoreTableViewCell.h */ = {isa = PBXFileReference; fileEncoding = 4; lastKnownFileType = sourcecode.c.h; path = StoreTableViewCell.h; sourceTree = "<group>"; };
		847D09D01D2A3E0B00EBFF37 /* StoreTableViewCell.m */ = {isa = PBXFileReference; fileEncoding = 4; lastKnownFileType = sourcecode.c.objc; path = StoreTableViewCell.m; sourceTree = "<group>"; };
		847D09D21D2B980E00EBFF37 /* NSString+MD5.h */ = {isa = PBXFileReference; fileEncoding = 4; lastKnownFileType = sourcecode.c.h; name = "NSString+MD5.h"; path = "Carmgr/NSString+MD5.h"; sourceTree = "<group>"; };
		847D09D31D2B980E00EBFF37 /* NSString+MD5.m */ = {isa = PBXFileReference; fileEncoding = 4; lastKnownFileType = sourcecode.c.objc; name = "NSString+MD5.m"; path = "Carmgr/NSString+MD5.m"; sourceTree = "<group>"; };
		847D09DC1D2D1C7300EBFF37 /* ProgressView.h */ = {isa = PBXFileReference; fileEncoding = 4; lastKnownFileType = sourcecode.c.h; path = ProgressView.h; sourceTree = "<group>"; };
		847D09DD1D2D1C7300EBFF37 /* ProgressView.m */ = {isa = PBXFileReference; fileEncoding = 4; lastKnownFileType = sourcecode.c.objc; path = ProgressView.m; sourceTree = "<group>"; };
		847D09E31D2F6F8C00EBFF37 /* ProgressTableViewCell.h */ = {isa = PBXFileReference; fileEncoding = 4; lastKnownFileType = sourcecode.c.h; path = ProgressTableViewCell.h; sourceTree = "<group>"; };
		847D09E41D2F6F8C00EBFF37 /* ProgressTableViewCell.m */ = {isa = PBXFileReference; fileEncoding = 4; lastKnownFileType = sourcecode.c.objc; path = ProgressTableViewCell.m; sourceTree = "<group>"; };
		847D09E61D2FA82B00EBFF37 /* ProgressModel.h */ = {isa = PBXFileReference; fileEncoding = 4; lastKnownFileType = sourcecode.c.h; path = ProgressModel.h; sourceTree = "<group>"; };
		847D09E71D2FA82B00EBFF37 /* ProgressModel.m */ = {isa = PBXFileReference; fileEncoding = 4; lastKnownFileType = sourcecode.c.objc; path = ProgressModel.m; sourceTree = "<group>"; };
		84A929FC1D2618E1001DD20F /* DevelopViewController.h */ = {isa = PBXFileReference; fileEncoding = 4; lastKnownFileType = sourcecode.c.h; name = DevelopViewController.h; path = Carmgr/DevelopViewController.h; sourceTree = "<group>"; };
		84A929FD1D2618E1001DD20F /* DevelopViewController.m */ = {isa = PBXFileReference; fileEncoding = 4; lastKnownFileType = sourcecode.c.objc; name = DevelopViewController.m; path = Carmgr/DevelopViewController.m; sourceTree = "<group>"; };
		84A929FF1D264F17001DD20F /* ServiceCollection.h */ = {isa = PBXFileReference; fileEncoding = 4; lastKnownFileType = sourcecode.c.h; path = ServiceCollection.h; sourceTree = "<group>"; };
		84A92A001D264F17001DD20F /* ServiceCollection.m */ = {isa = PBXFileReference; fileEncoding = 4; lastKnownFileType = sourcecode.c.objc; path = ServiceCollection.m; sourceTree = "<group>"; };
		84A92A061D266C26001DD20F /* UsedCarCollectionCell.h */ = {isa = PBXFileReference; fileEncoding = 4; lastKnownFileType = sourcecode.c.h; path = UsedCarCollectionCell.h; sourceTree = "<group>"; };
		84A92A071D266C26001DD20F /* UsedCarCollectionCell.m */ = {isa = PBXFileReference; fileEncoding = 4; lastKnownFileType = sourcecode.c.objc; path = UsedCarCollectionCell.m; sourceTree = "<group>"; };
		84A92A0A1D2681FF001DD20F /* HotTableViewCell.h */ = {isa = PBXFileReference; fileEncoding = 4; lastKnownFileType = sourcecode.c.h; path = HotTableViewCell.h; sourceTree = "<group>"; };
		84A92A0B1D2681FF001DD20F /* HotTableViewCell.m */ = {isa = PBXFileReference; fileEncoding = 4; lastKnownFileType = sourcecode.c.objc; path = HotTableViewCell.m; sourceTree = "<group>"; };
		84BAEED31D34EB7400227A15 /* 服务协议.txt */ = {isa = PBXFileReference; fileEncoding = 4; lastKnownFileType = text; path = "服务协议.txt"; sourceTree = "<group>"; };
		84BAEED91D36051C00227A15 /* RegularTools.h */ = {isa = PBXFileReference; fileEncoding = 4; lastKnownFileType = sourcecode.c.h; name = RegularTools.h; path = Carmgr/RegularTools.h; sourceTree = "<group>"; };
		84BAEEDA1D36051C00227A15 /* RegularTools.m */ = {isa = PBXFileReference; fileEncoding = 4; lastKnownFileType = sourcecode.c.objc; name = RegularTools.m; path = Carmgr/RegularTools.m; sourceTree = "<group>"; };
		84BAEEDC1D36053D00227A15 /* 方案1.png */ = {isa = PBXFileReference; lastKnownFileType = image.png; name = "方案1.png"; path = "Carmgr/方案1.png"; sourceTree = "<group>"; };
		84BAEEDE1D36056200227A15 /* FastLoginViewController.h */ = {isa = PBXFileReference; fileEncoding = 4; lastKnownFileType = sourcecode.c.h; name = FastLoginViewController.h; path = Carmgr/FastLoginViewController.h; sourceTree = "<group>"; };
		84BAEEDF1D36056200227A15 /* FastLoginViewController.m */ = {isa = PBXFileReference; fileEncoding = 4; lastKnownFileType = sourcecode.c.objc; name = FastLoginViewController.m; path = Carmgr/FastLoginViewController.m; sourceTree = "<group>"; };
		84BAEEE11D36057700227A15 /* FindPasswdViewController.h */ = {isa = PBXFileReference; fileEncoding = 4; lastKnownFileType = sourcecode.c.h; name = FindPasswdViewController.h; path = Carmgr/FindPasswdViewController.h; sourceTree = "<group>"; };
		84BAEEE21D36057700227A15 /* FindPasswdViewController.m */ = {isa = PBXFileReference; fileEncoding = 4; lastKnownFileType = sourcecode.c.objc; name = FindPasswdViewController.m; path = Carmgr/FindPasswdViewController.m; sourceTree = "<group>"; };
		84BAEEE41D36058E00227A15 /* ResetPasswdViewController.h */ = {isa = PBXFileReference; fileEncoding = 4; lastKnownFileType = sourcecode.c.h; name = ResetPasswdViewController.h; path = Carmgr/ResetPasswdViewController.h; sourceTree = "<group>"; };
		84BAEEE51D36058E00227A15 /* ResetPasswdViewController.m */ = {isa = PBXFileReference; fileEncoding = 4; lastKnownFileType = sourcecode.c.objc; name = ResetPasswdViewController.m; path = Carmgr/ResetPasswdViewController.m; sourceTree = "<group>"; };
		84BAEEE71D3605B700227A15 /* YWRegistViewController.h */ = {isa = PBXFileReference; fileEncoding = 4; lastKnownFileType = sourcecode.c.h; name = YWRegistViewController.h; path = Carmgr/YWRegistViewController.h; sourceTree = "<group>"; };
		84BAEEE81D3605B700227A15 /* YWRegistViewController.m */ = {isa = PBXFileReference; fileEncoding = 4; lastKnownFileType = sourcecode.c.objc; name = YWRegistViewController.m; path = Carmgr/YWRegistViewController.m; sourceTree = "<group>"; };
		84BAEEEA1D3605C800227A15 /* RegistView.h */ = {isa = PBXFileReference; fileEncoding = 4; lastKnownFileType = sourcecode.c.h; name = RegistView.h; path = Carmgr/RegistView.h; sourceTree = "<group>"; };
		84BAEEEB1D3605C800227A15 /* RegistView.m */ = {isa = PBXFileReference; fileEncoding = 4; lastKnownFileType = sourcecode.c.objc; name = RegistView.m; path = Carmgr/RegistView.m; sourceTree = "<group>"; };
		84BAEEED1D3605DD00227A15 /* ServiceDelegateController.h */ = {isa = PBXFileReference; fileEncoding = 4; lastKnownFileType = sourcecode.c.h; name = ServiceDelegateController.h; path = Carmgr/ServiceDelegateController.h; sourceTree = "<group>"; };
		84BAEEEE1D3605DD00227A15 /* ServiceDelegateController.m */ = {isa = PBXFileReference; fileEncoding = 4; lastKnownFileType = sourcecode.c.objc; name = ServiceDelegateController.m; path = Carmgr/ServiceDelegateController.m; sourceTree = "<group>"; };
		84BAEEF01D36064B00227A15 /* YWLoginViewController.h */ = {isa = PBXFileReference; fileEncoding = 4; lastKnownFileType = sourcecode.c.h; name = YWLoginViewController.h; path = Carmgr/YWLoginViewController.h; sourceTree = "<group>"; };
		84BAEEF11D36064B00227A15 /* YWLoginViewController.m */ = {isa = PBXFileReference; fileEncoding = 4; lastKnownFileType = sourcecode.c.objc; name = YWLoginViewController.m; path = Carmgr/YWLoginViewController.m; sourceTree = "<group>"; };
		84BAEEF31D36067300227A15 /* LoginView.h */ = {isa = PBXFileReference; fileEncoding = 4; lastKnownFileType = sourcecode.c.h; name = LoginView.h; path = Carmgr/LoginView.h; sourceTree = "<group>"; };
		84BAEEF41D36067300227A15 /* LoginView.m */ = {isa = PBXFileReference; fileEncoding = 4; lastKnownFileType = sourcecode.c.objc; name = LoginView.m; path = Carmgr/LoginView.m; sourceTree = "<group>"; };
		84BAEEF61D36069100227A15 /* UserCenterFunc.h */ = {isa = PBXFileReference; fileEncoding = 4; lastKnownFileType = sourcecode.c.h; name = UserCenterFunc.h; path = Carmgr/UserCenterFunc.h; sourceTree = "<group>"; };
		84BAEEF71D36069100227A15 /* UserCenterFunc.m */ = {isa = PBXFileReference; fileEncoding = 4; lastKnownFileType = sourcecode.c.objc; name = UserCenterFunc.m; path = Carmgr/UserCenterFunc.m; sourceTree = "<group>"; };
		84BAEEF91D3606A800227A15 /* AddCarInfoView.h */ = {isa = PBXFileReference; fileEncoding = 4; lastKnownFileType = sourcecode.c.h; name = AddCarInfoView.h; path = Carmgr/AddCarInfoView.h; sourceTree = "<group>"; };
		84BAEEFA1D3606A800227A15 /* AddCarInfoView.m */ = {isa = PBXFileReference; fileEncoding = 4; lastKnownFileType = sourcecode.c.objc; name = AddCarInfoView.m; path = Carmgr/AddCarInfoView.m; sourceTree = "<group>"; };
		84BAEEFC1D3606C000227A15 /* AddCarCell.h */ = {isa = PBXFileReference; fileEncoding = 4; lastKnownFileType = sourcecode.c.h; name = AddCarCell.h; path = Carmgr/AddCarCell.h; sourceTree = "<group>"; };
		84BAEEFD1D3606C000227A15 /* AddCarCell.m */ = {isa = PBXFileReference; fileEncoding = 4; lastKnownFileType = sourcecode.c.objc; name = AddCarCell.m; path = Carmgr/AddCarCell.m; sourceTree = "<group>"; };
		84BAEEFE1D3606C000227A15 /* AddCarInfoCell.h */ = {isa = PBXFileReference; fileEncoding = 4; lastKnownFileType = sourcecode.c.h; name = AddCarInfoCell.h; path = Carmgr/AddCarInfoCell.h; sourceTree = "<group>"; };
		84BAEEFF1D3606C000227A15 /* AddCarInfoCell.m */ = {isa = PBXFileReference; fileEncoding = 4; lastKnownFileType = sourcecode.c.objc; name = AddCarInfoCell.m; path = Carmgr/AddCarInfoCell.m; sourceTree = "<group>"; };
		84BAEF021D3606DB00227A15 /* CarVerifyViewController.h */ = {isa = PBXFileReference; fileEncoding = 4; lastKnownFileType = sourcecode.c.h; name = CarVerifyViewController.h; path = Carmgr/CarVerifyViewController.h; sourceTree = "<group>"; };
		84BAEF031D3606DB00227A15 /* CarVerifyViewController.m */ = {isa = PBXFileReference; fileEncoding = 4; lastKnownFileType = sourcecode.c.objc; name = CarVerifyViewController.m; path = Carmgr/CarVerifyViewController.m; sourceTree = "<group>"; };
		84BAEF051D36070A00227A15 /* AddCarInfoViewController.h */ = {isa = PBXFileReference; fileEncoding = 4; lastKnownFileType = sourcecode.c.h; name = AddCarInfoViewController.h; path = Carmgr/AddCarInfoViewController.h; sourceTree = "<group>"; };
		84BAEF061D36070A00227A15 /* AddCarInfoViewController.m */ = {isa = PBXFileReference; fileEncoding = 4; lastKnownFileType = sourcecode.c.objc; name = AddCarInfoViewController.m; path = Carmgr/AddCarInfoViewController.m; sourceTree = "<group>"; };
		84BAEF081D36071A00227A15 /* SettingViewController.h */ = {isa = PBXFileReference; fileEncoding = 4; lastKnownFileType = sourcecode.c.h; name = SettingViewController.h; path = Carmgr/SettingViewController.h; sourceTree = "<group>"; };
		84BAEF091D36071A00227A15 /* SettingViewController.m */ = {isa = PBXFileReference; fileEncoding = 4; lastKnownFileType = sourcecode.c.objc; name = SettingViewController.m; path = Carmgr/SettingViewController.m; sourceTree = "<group>"; };
		84BEE1221D24B86F00D5FAD5 /* HomeView.h */ = {isa = PBXFileReference; fileEncoding = 4; lastKnownFileType = sourcecode.c.h; path = HomeView.h; sourceTree = "<group>"; };
		84BEE1231D24B86F00D5FAD5 /* HomeView.m */ = {isa = PBXFileReference; fileEncoding = 4; lastKnownFileType = sourcecode.c.objc; path = HomeView.m; sourceTree = "<group>"; };
		84BEE12C1D24F34500D5FAD5 /* ServiceCollectionCell.h */ = {isa = PBXFileReference; fileEncoding = 4; lastKnownFileType = sourcecode.c.h; path = ServiceCollectionCell.h; sourceTree = "<group>"; };
		84BEE12D1D24F34500D5FAD5 /* ServiceCollectionCell.m */ = {isa = PBXFileReference; fileEncoding = 4; lastKnownFileType = sourcecode.c.objc; path = ServiceCollectionCell.m; sourceTree = "<group>"; };
		84F271961D22159E00498441 /* Interface.h */ = {isa = PBXFileReference; fileEncoding = 4; lastKnownFileType = sourcecode.c.h; name = Interface.h; path = Carmgr/Interface.h; sourceTree = "<group>"; };
		84F271971D22159E00498441 /* Interface.m */ = {isa = PBXFileReference; fileEncoding = 4; lastKnownFileType = sourcecode.c.objc; name = Interface.m; path = Carmgr/Interface.m; sourceTree = "<group>"; };
		84F271991D225F0800498441 /* CityChooseViewController.h */ = {isa = PBXFileReference; fileEncoding = 4; lastKnownFileType = sourcecode.c.h; name = CityChooseViewController.h; path = Carmgr/CityChooseViewController.h; sourceTree = "<group>"; };
		84F2719A1D225F0800498441 /* CityChooseViewController.m */ = {isa = PBXFileReference; fileEncoding = 4; lastKnownFileType = sourcecode.c.objc; name = CityChooseViewController.m; path = Carmgr/CityChooseViewController.m; sourceTree = "<group>"; };
		84F3C2A71D190A8600597BFD /* YWPublic.h */ = {isa = PBXFileReference; fileEncoding = 4; lastKnownFileType = sourcecode.c.h; name = YWPublic.h; path = Carmgr/YWPublic.h; sourceTree = "<group>"; };
		84F3C2A81D190A8600597BFD /* YWPublic.m */ = {isa = PBXFileReference; fileEncoding = 4; lastKnownFileType = sourcecode.c.objc; name = YWPublic.m; path = Carmgr/YWPublic.m; sourceTree = "<group>"; };
		84F3C2AA1D190AA600597BFD /* YWUserViewController.h */ = {isa = PBXFileReference; fileEncoding = 4; lastKnownFileType = sourcecode.c.h; name = YWUserViewController.h; path = Carmgr/YWUserViewController.h; sourceTree = "<group>"; };
		84F3C2AB1D190AA600597BFD /* YWUserViewController.m */ = {isa = PBXFileReference; fileEncoding = 4; lastKnownFileType = sourcecode.c.objc; name = YWUserViewController.m; path = Carmgr/YWUserViewController.m; sourceTree = "<group>"; };
		84F3C2AD1D1920C400597BFD /* ScanImageViewController.h */ = {isa = PBXFileReference; fileEncoding = 4; lastKnownFileType = sourcecode.c.h; name = ScanImageViewController.h; path = Carmgr/ScanImageViewController.h; sourceTree = "<group>"; };
		84F3C2AE1D1920C400597BFD /* ScanImageViewController.m */ = {isa = PBXFileReference; fileEncoding = 4; lastKnownFileType = sourcecode.c.objc; name = ScanImageViewController.m; path = Carmgr/ScanImageViewController.m; sourceTree = "<group>"; };
		84F3C2B21D193AB300597BFD /* city.plist */ = {isa = PBXFileReference; fileEncoding = 4; lastKnownFileType = text.plist.xml; name = city.plist; path = Carmgr/city.plist; sourceTree = "<group>"; };
		84F3C2BA1D193CE600597BFD /* NavigationAttribute.h */ = {isa = PBXFileReference; fileEncoding = 4; lastKnownFileType = sourcecode.c.h; path = NavigationAttribute.h; sourceTree = "<group>"; };
		84F3C2BB1D193CE600597BFD /* NavigationAttribute.m */ = {isa = PBXFileReference; fileEncoding = 4; lastKnownFileType = sourcecode.c.objc; path = NavigationAttribute.m; sourceTree = "<group>"; };
		84F3C2D11D1B719E00597BFD /* Assets.xcassets */ = {isa = PBXFileReference; lastKnownFileType = folder.assetcatalog; path = Assets.xcassets; sourceTree = "<group>"; };
		A9F25A80A03943501A53A01A /* libPods-Carmgr.a */ = {isa = PBXFileReference; explicitFileType = archive.ar; includeInIndex = 0; path = "libPods-Carmgr.a"; sourceTree = BUILT_PRODUCTS_DIR; };
		F4E02099F02D190DAD4B5B12 /* Pods-Carmgr.release.xcconfig */ = {isa = PBXFileReference; includeInIndex = 1; lastKnownFileType = text.xcconfig; name = "Pods-Carmgr.release.xcconfig"; path = "Pods/Target Support Files/Pods-Carmgr/Pods-Carmgr.release.xcconfig"; sourceTree = "<group>"; };
/* End PBXFileReference section */

/* Begin PBXFrameworksBuildPhase section */
		847776231D124BF100DE8213 /* Frameworks */ = {
			isa = PBXFrameworksBuildPhase;
			buildActionMask = 2147483647;
			files = (
				6F61C1379FDB08E5BE112202 /* libPods-Carmgr.a in Frameworks */,
			);
			runOnlyForDeploymentPostprocessing = 0;
		};
		8477763C1D124BF100DE8213 /* Frameworks */ = {
			isa = PBXFrameworksBuildPhase;
			buildActionMask = 2147483647;
			files = (
			);
			runOnlyForDeploymentPostprocessing = 0;
		};
		847776471D124BF100DE8213 /* Frameworks */ = {
			isa = PBXFrameworksBuildPhase;
			buildActionMask = 2147483647;
			files = (
			);
			runOnlyForDeploymentPostprocessing = 0;
		};
/* End PBXFrameworksBuildPhase section */

/* Begin PBXGroup section */
		60C2276B839B0C3464011D12 /* Frameworks */ = {
			isa = PBXGroup;
			children = (
				A9F25A80A03943501A53A01A /* libPods-Carmgr.a */,
			);
			name = Frameworks;
			sourceTree = "<group>";
		};
		840A99641D1D1A6700C76E25 /* Views */ = {
			isa = PBXGroup;
			children = (
				84BAEEF61D36069100227A15 /* UserCenterFunc.h */,
				84BAEEF71D36069100227A15 /* UserCenterFunc.m */,
				84BAEEF91D3606A800227A15 /* AddCarInfoView.h */,
				84BAEEFA1D3606A800227A15 /* AddCarInfoView.m */,
				840CF3A41D32460300CEFFDB /* AddCarCell */,
			);
			name = Views;
			sourceTree = "<group>";
		};
		840A99681D1D317A00C76E25 /* 找回密码 */ = {
			isa = PBXGroup;
			children = (
				84BAEEE11D36057700227A15 /* FindPasswdViewController.h */,
				84BAEEE21D36057700227A15 /* FindPasswdViewController.m */,
				84BAEEE41D36058E00227A15 /* ResetPasswdViewController.h */,
				84BAEEE51D36058E00227A15 /* ResetPasswdViewController.m */,
			);
			name = "找回密码";
			sourceTree = "<group>";
		};
		840A99691D1D318400C76E25 /* 手机快捷登录 */ = {
			isa = PBXGroup;
			children = (
				84BAEEDE1D36056200227A15 /* FastLoginViewController.h */,
				84BAEEDF1D36056200227A15 /* FastLoginViewController.m */,
			);
			name = "手机快捷登录";
			sourceTree = "<group>";
		};
		840CF3A41D32460300CEFFDB /* AddCarCell */ = {
			isa = PBXGroup;
			children = (
				84BAEEFC1D3606C000227A15 /* AddCarCell.h */,
				84BAEEFD1D3606C000227A15 /* AddCarCell.m */,
				84BAEEFE1D3606C000227A15 /* AddCarInfoCell.h */,
				84BAEEFF1D3606C000227A15 /* AddCarInfoCell.m */,
			);
			name = AddCarCell;
			sourceTree = "<group>";
		};
		840CF3A81D324C1800CEFFDB /* 添加车辆信息 */ = {
			isa = PBXGroup;
			children = (
				84BAEF021D3606DB00227A15 /* CarVerifyViewController.h */,
				84BAEF031D3606DB00227A15 /* CarVerifyViewController.m */,
				84BAEF051D36070A00227A15 /* AddCarInfoViewController.h */,
				84BAEF061D36070A00227A15 /* AddCarInfoViewController.m */,
			);
			name = "添加车辆信息";
			sourceTree = "<group>";
		};
		8477761D1D124BF100DE8213 = {
			isa = PBXGroup;
			children = (
				847776281D124BF100DE8213 /* Carmgr */,
				847776421D124BF100DE8213 /* CarmgrTests */,
				8477764D1D124BF100DE8213 /* CarmgrUITests */,
				847776271D124BF100DE8213 /* Products */,
				C09CCBD69FE99B2CEC74661D /* Pods */,
				60C2276B839B0C3464011D12 /* Frameworks */,
			);
			sourceTree = "<group>";
		};
		847776271D124BF100DE8213 /* Products */ = {
			isa = PBXGroup;
			children = (
				847776261D124BF100DE8213 /* Carmgr.app */,
				8477763F1D124BF100DE8213 /* CarmgrTests.xctest */,
				8477764A1D124BF100DE8213 /* CarmgrUITests.xctest */,
			);
			name = Products;
			sourceTree = "<group>";
		};
		847776281D124BF100DE8213 /* Carmgr */ = {
			isa = PBXGroup;
			children = (
				8477762C1D124BF100DE8213 /* AppDelegate.h */,
				8477762D1D124BF100DE8213 /* AppDelegate.m */,
				8477762F1D124BF100DE8213 /* ViewController.h */,
				847776301D124BF100DE8213 /* ViewController.m */,
				84A929FB1D2618A0001DD20F /* 待开发 */,
				84F3C2B01D193A8200597BFD /* 第三方 */,
				84F3C29B1D17CC8500597BFD /* Public */,
				847776771D13C8C600DE8213 /* Images */,
				84F3C2D31D1B93B300597BFD /* 登陆注册 */,
				84F3C2921D17795C00597BFD /* 用户中心 */,
				847776631D12586C00DE8213 /* 进度 */,
				847776621D12586300DE8213 /* 呼叫易宝 */,
				847776611D12585100DE8213 /* 商家 */,
				847776601D12584700DE8213 /* 首页 */,
				8477765F1D12582900DE8213 /* TabBarController */,
				8477765C1D12579000DE8213 /* Others */,
				847776291D124BF100DE8213 /* Supporting Files */,
			);
			path = Carmgr;
			sourceTree = "<group>";
		};
		847776291D124BF100DE8213 /* Supporting Files */ = {
			isa = PBXGroup;
			children = (
				84BAEED31D34EB7400227A15 /* 服务协议.txt */,
				8477762A1D124BF100DE8213 /* main.m */,
			);
			name = "Supporting Files";
			sourceTree = "<group>";
		};
		847776421D124BF100DE8213 /* CarmgrTests */ = {
			isa = PBXGroup;
			children = (
				847776431D124BF100DE8213 /* CarmgrTests.m */,
				847776451D124BF100DE8213 /* Info.plist */,
			);
			path = CarmgrTests;
			sourceTree = "<group>";
		};
		8477764D1D124BF100DE8213 /* CarmgrUITests */ = {
			isa = PBXGroup;
			children = (
				8477764E1D124BF100DE8213 /* CarmgrUITests.m */,
				847776501D124BF100DE8213 /* Info.plist */,
			);
			path = CarmgrUITests;
			sourceTree = "<group>";
		};
		8477765C1D12579000DE8213 /* Others */ = {
			isa = PBXGroup;
			children = (
				847776321D124BF100DE8213 /* Main.storyboard */,
				847776371D124BF100DE8213 /* LaunchScreen.storyboard */,
				84F3C2D11D1B719E00597BFD /* Assets.xcassets */,
				8477763A1D124BF100DE8213 /* Info.plist */,
			);
			name = Others;
			sourceTree = "<group>";
		};
		8477765F1D12582900DE8213 /* TabBarController */ = {
			isa = PBXGroup;
			children = (
				84F3C2DE1D1B945D00597BFD /* Model */,
				84F3C2DD1D1B945200597BFD /* Views */,
				84F3C2A41D17D79700597BFD /* viewControllers */,
			);
			name = TabBarController;
			sourceTree = "<group>";
		};
		847776601D12584700DE8213 /* 首页 */ = {
			isa = PBXGroup;
			children = (
				84F3C2DC1D1B943F00597BFD /* Model */,
				84F3C2DB1D1B943A00597BFD /* Views */,
				84F3C2961D177E8200597BFD /* Controllers */,
			);
			name = "首页";
			sourceTree = "<group>";
		};
		847776611D12585100DE8213 /* 商家 */ = {
			isa = PBXGroup;
			children = (
				84F3C2DA1D1B943100597BFD /* Model */,
				84F3C2D91D1B942B00597BFD /* Views */,
				84F3C2A31D17D77A00597BFD /* viewControllers */,
			);
			name = "商家";
			sourceTree = "<group>";
		};
		847776621D12586300DE8213 /* 呼叫易宝 */ = {
			isa = PBXGroup;
			children = (
				84F3C2D81D1B942500597BFD /* Model */,
				84F3C2D71D1B941600597BFD /* Views */,
				84F3C2A51D17D7C800597BFD /* viewControllers */,
			);
			name = "呼叫易宝";
			sourceTree = "<group>";
		};
		847776631D12586C00DE8213 /* 进度 */ = {
			isa = PBXGroup;
			children = (
				84F3C29A1D178F5300597BFD /* Model */,
				84F3C2D61D1B940300597BFD /* Views */,
				84F3C2A61D17D7DE00597BFD /* viewControllers */,
			);
			name = "进度";
			sourceTree = "<group>";
		};
		847776771D13C8C600DE8213 /* Images */ = {
			isa = PBXGroup;
			children = (
				847776781D13CA7700DE8213 /* u10.png */,
				84BAEEDC1D36053D00227A15 /* 方案1.png */,
			);
			name = Images;
			path = ..;
			sourceTree = "<group>";
		};
		847D09CE1D2A3DC400EBFF37 /* TableViewCell */ = {
			isa = PBXGroup;
			children = (
				847D09CF1D2A3E0B00EBFF37 /* StoreTableViewCell.h */,
				847D09D01D2A3E0B00EBFF37 /* StoreTableViewCell.m */,
			);
			name = TableViewCell;
			sourceTree = "<group>";
		};
		847D09E21D2F6F4D00EBFF37 /* ProgressCell */ = {
			isa = PBXGroup;
			children = (
				847D09E31D2F6F8C00EBFF37 /* ProgressTableViewCell.h */,
				847D09E41D2F6F8C00EBFF37 /* ProgressTableViewCell.m */,
			);
			name = ProgressCell;
			sourceTree = "<group>";
		};
		84A929FB1D2618A0001DD20F /* 待开发 */ = {
			isa = PBXGroup;
			children = (
				84A929FC1D2618E1001DD20F /* DevelopViewController.h */,
				84A929FD1D2618E1001DD20F /* DevelopViewController.m */,
			);
			name = "待开发";
			path = ..;
			sourceTree = "<group>";
		};
		84A92A021D265F4A001DD20F /* 二手推荐 */ = {
			isa = PBXGroup;
			children = (
				84A92A061D266C26001DD20F /* UsedCarCollectionCell.h */,
				84A92A071D266C26001DD20F /* UsedCarCollectionCell.m */,
			);
			name = "二手推荐";
			sourceTree = "<group>";
		};
		84A92A091D268142001DD20F /* 热门推荐 */ = {
			isa = PBXGroup;
			children = (
				84A92A0A1D2681FF001DD20F /* HotTableViewCell.h */,
				84A92A0B1D2681FF001DD20F /* HotTableViewCell.m */,
			);
			name = "热门推荐";
			sourceTree = "<group>";
		};
		84BAEED51D35F4A900227A15 /* 设置 */ = {
			isa = PBXGroup;
			children = (
				84BAEF081D36071A00227A15 /* SettingViewController.h */,
				84BAEF091D36071A00227A15 /* SettingViewController.m */,
			);
			name = "设置";
			sourceTree = "<group>";
		};
		84BEE12B1D24F28F00D5FAD5 /* 业务板块 */ = {
			isa = PBXGroup;
			children = (
				84A929FF1D264F17001DD20F /* ServiceCollection.h */,
				84A92A001D264F17001DD20F /* ServiceCollection.m */,
				84BEE12C1D24F34500D5FAD5 /* ServiceCollectionCell.h */,
				84BEE12D1D24F34500D5FAD5 /* ServiceCollectionCell.m */,
			);
			name = "业务板块";
			sourceTree = "<group>";
		};
		84F3C2921D17795C00597BFD /* 用户中心 */ = {
			isa = PBXGroup;
			children = (
				840A99641D1D1A6700C76E25 /* Views */,
				84F3C2A21D17D76600597BFD /* viewControllers */,
			);
			name = "用户中心";
			path = ..;
			sourceTree = "<group>";
		};
		84F3C2961D177E8200597BFD /* Controllers */ = {
			isa = PBXGroup;
			children = (
				847776641D1258AC00DE8213 /* YWHomeViewController.h */,
				847776651D1258AC00DE8213 /* YWHomeViewController.m */,
			);
			name = Controllers;
			sourceTree = "<group>";
		};
		84F3C29A1D178F5300597BFD /* Model */ = {
			isa = PBXGroup;
			children = (
				847D09E61D2FA82B00EBFF37 /* ProgressModel.h */,
				847D09E71D2FA82B00EBFF37 /* ProgressModel.m */,
			);
			name = Model;
			sourceTree = "<group>";
		};
		84F3C29B1D17CC8500597BFD /* Public */ = {
			isa = PBXGroup;
			children = (
				84F3C2A71D190A8600597BFD /* YWPublic.h */,
				84F3C2A81D190A8600597BFD /* YWPublic.m */,
				84F271961D22159E00498441 /* Interface.h */,
				84F271971D22159E00498441 /* Interface.m */,
				847D09D21D2B980E00EBFF37 /* NSString+MD5.h */,
				847D09D31D2B980E00EBFF37 /* NSString+MD5.m */,
				84BAEED91D36051C00227A15 /* RegularTools.h */,
				84BAEEDA1D36051C00227A15 /* RegularTools.m */,
			);
			name = Public;
			path = ..;
			sourceTree = "<group>";
		};
		84F3C2A21D17D76600597BFD /* viewControllers */ = {
			isa = PBXGroup;
			children = (
				84BAEED51D35F4A900227A15 /* 设置 */,
				840CF3A81D324C1800CEFFDB /* 添加车辆信息 */,
				84F3C2AA1D190AA600597BFD /* YWUserViewController.h */,
				84F3C2AB1D190AA600597BFD /* YWUserViewController.m */,
			);
			name = viewControllers;
			sourceTree = "<group>";
		};
		84F3C2A31D17D77A00597BFD /* viewControllers */ = {
			isa = PBXGroup;
			children = (
				847776671D1258B800DE8213 /* YWStoreViewController.h */,
				847776681D1258B800DE8213 /* YWStoreViewController.m */,
			);
			name = viewControllers;
			sourceTree = "<group>";
		};
		84F3C2A41D17D79700597BFD /* viewControllers */ = {
			isa = PBXGroup;
			children = (
				847776711D12591C00DE8213 /* YWTabBarController.h */,
				847776721D12591C00DE8213 /* YWTabBarController.m */,
			);
			name = viewControllers;
			sourceTree = "<group>";
		};
		84F3C2A51D17D7C800597BFD /* viewControllers */ = {
			isa = PBXGroup;
			children = (
				8477766B1D1258D800DE8213 /* YWCallViewController.h */,
				8477766C1D1258D800DE8213 /* YWCallViewController.m */,
			);
			name = viewControllers;
			sourceTree = "<group>";
		};
		84F3C2A61D17D7DE00597BFD /* viewControllers */ = {
			isa = PBXGroup;
			children = (
				8477766E1D1258E500DE8213 /* YWProgressViewController.h */,
				8477766F1D1258E500DE8213 /* YWProgressViewController.m */,
			);
			name = viewControllers;
			sourceTree = "<group>";
		};
		84F3C2B01D193A8200597BFD /* 第三方 */ = {
			isa = PBXGroup;
			children = (
				84F3C2B91D193BBE00597BFD /* 二维码扫描 */,
				84F3C2B11D193A9100597BFD /* 城市选择 */,
			);
			name = "第三方";
			path = ..;
			sourceTree = "<group>";
		};
		84F3C2B11D193A9100597BFD /* 城市选择 */ = {
			isa = PBXGroup;
			children = (
				84F271991D225F0800498441 /* CityChooseViewController.h */,
				84F2719A1D225F0800498441 /* CityChooseViewController.m */,
				84F3C2B21D193AB300597BFD /* city.plist */,
			);
			name = "城市选择";
			sourceTree = "<group>";
		};
		84F3C2B91D193BBE00597BFD /* 二维码扫描 */ = {
			isa = PBXGroup;
			children = (
				84F3C2AD1D1920C400597BFD /* ScanImageViewController.h */,
				84F3C2AE1D1920C400597BFD /* ScanImageViewController.m */,
			);
			name = "二维码扫描";
			sourceTree = "<group>";
		};
		84F3C2D31D1B93B300597BFD /* 登陆注册 */ = {
			isa = PBXGroup;
			children = (
				840A99691D1D318400C76E25 /* 手机快捷登录 */,
				840A99681D1D317A00C76E25 /* 找回密码 */,
				84F3C2D51D1B93D900597BFD /* 注册 */,
				84F3C2D41D1B93D300597BFD /* 登陆 */,
			);
			name = "登陆注册";
			path = ..;
			sourceTree = "<group>";
		};
		84F3C2D41D1B93D300597BFD /* 登陆 */ = {
			isa = PBXGroup;
			children = (
				84BAEEF01D36064B00227A15 /* YWLoginViewController.h */,
				84BAEEF11D36064B00227A15 /* YWLoginViewController.m */,
				84BAEEF31D36067300227A15 /* LoginView.h */,
				84BAEEF41D36067300227A15 /* LoginView.m */,
			);
			name = "登陆";
			sourceTree = "<group>";
		};
		84F3C2D51D1B93D900597BFD /* 注册 */ = {
			isa = PBXGroup;
			children = (
				84BAEEE71D3605B700227A15 /* YWRegistViewController.h */,
				84BAEEE81D3605B700227A15 /* YWRegistViewController.m */,
				84BAEEEA1D3605C800227A15 /* RegistView.h */,
				84BAEEEB1D3605C800227A15 /* RegistView.m */,
				84BAEEED1D3605DD00227A15 /* ServiceDelegateController.h */,
				84BAEEEE1D3605DD00227A15 /* ServiceDelegateController.m */,
			);
			name = "注册";
			sourceTree = "<group>";
		};
		84F3C2D61D1B940300597BFD /* Views */ = {
			isa = PBXGroup;
			children = (
				847D09E21D2F6F4D00EBFF37 /* ProgressCell */,
				847D09DC1D2D1C7300EBFF37 /* ProgressView.h */,
				847D09DD1D2D1C7300EBFF37 /* ProgressView.m */,
			);
			name = Views;
			sourceTree = "<group>";
		};
		84F3C2D71D1B941600597BFD /* Views */ = {
			isa = PBXGroup;
			children = (
			);
			name = Views;
			sourceTree = "<group>";
		};
		84F3C2D81D1B942500597BFD /* Model */ = {
			isa = PBXGroup;
			children = (
			);
			name = Model;
			sourceTree = "<group>";
		};
		84F3C2D91D1B942B00597BFD /* Views */ = {
			isa = PBXGroup;
			children = (
				847D09CE1D2A3DC400EBFF37 /* TableViewCell */,
				847D09CB1D2A0E8400EBFF37 /* StoreView.h */,
				847D09CC1D2A0E8400EBFF37 /* StoreView.m */,
			);
			name = Views;
			sourceTree = "<group>";
		};
		84F3C2DA1D1B943100597BFD /* Model */ = {
			isa = PBXGroup;
			children = (
			);
			name = Model;
			sourceTree = "<group>";
		};
		84F3C2DB1D1B943A00597BFD /* Views */ = {
			isa = PBXGroup;
			children = (
				84BEE1221D24B86F00D5FAD5 /* HomeView.h */,
				84BEE1231D24B86F00D5FAD5 /* HomeView.m */,
				84A92A091D268142001DD20F /* 热门推荐 */,
				84A92A021D265F4A001DD20F /* 二手推荐 */,
				84BEE12B1D24F28F00D5FAD5 /* 业务板块 */,
			);
			name = Views;
			sourceTree = "<group>";
		};
		84F3C2DC1D1B943F00597BFD /* Model */ = {
			isa = PBXGroup;
			children = (
			);
			name = Model;
			sourceTree = "<group>";
		};
		84F3C2DD1D1B945200597BFD /* Views */ = {
			isa = PBXGroup;
			children = (
				84F3C2BA1D193CE600597BFD /* NavigationAttribute.h */,
				84F3C2BB1D193CE600597BFD /* NavigationAttribute.m */,
			);
			name = Views;
			sourceTree = "<group>";
		};
		84F3C2DE1D1B945D00597BFD /* Model */ = {
			isa = PBXGroup;
			children = (
			);
			name = Model;
			sourceTree = "<group>";
		};
		C09CCBD69FE99B2CEC74661D /* Pods */ = {
			isa = PBXGroup;
			children = (
				66918D807C086A51FB9C2BE0 /* Pods-Carmgr.debug.xcconfig */,
				F4E02099F02D190DAD4B5B12 /* Pods-Carmgr.release.xcconfig */,
			);
			name = Pods;
			sourceTree = "<group>";
		};
/* End PBXGroup section */

/* Begin PBXNativeTarget section */
		847776251D124BF100DE8213 /* Carmgr */ = {
			isa = PBXNativeTarget;
			buildConfigurationList = 847776531D124BF100DE8213 /* Build configuration list for PBXNativeTarget "Carmgr" */;
			buildPhases = (
				A9AAF8A31FB3B7E3C6D1635E /* 📦 Check Pods Manifest.lock */,
				847776221D124BF100DE8213 /* Sources */,
				847776231D124BF100DE8213 /* Frameworks */,
				847776241D124BF100DE8213 /* Resources */,
				661F53BAC21F250053A2D4A9 /* 📦 Embed Pods Frameworks */,
				6D3CAD469AEE327504DC3EA1 /* 📦 Copy Pods Resources */,
			);
			buildRules = (
			);
			dependencies = (
			);
			name = Carmgr;
			productName = Carmgr;
			productReference = 847776261D124BF100DE8213 /* Carmgr.app */;
			productType = "com.apple.product-type.application";
		};
		8477763E1D124BF100DE8213 /* CarmgrTests */ = {
			isa = PBXNativeTarget;
			buildConfigurationList = 847776561D124BF100DE8213 /* Build configuration list for PBXNativeTarget "CarmgrTests" */;
			buildPhases = (
				8477763B1D124BF100DE8213 /* Sources */,
				8477763C1D124BF100DE8213 /* Frameworks */,
				8477763D1D124BF100DE8213 /* Resources */,
			);
			buildRules = (
			);
			dependencies = (
				847776411D124BF100DE8213 /* PBXTargetDependency */,
			);
			name = CarmgrTests;
			productName = CarmgrTests;
			productReference = 8477763F1D124BF100DE8213 /* CarmgrTests.xctest */;
			productType = "com.apple.product-type.bundle.unit-test";
		};
		847776491D124BF100DE8213 /* CarmgrUITests */ = {
			isa = PBXNativeTarget;
			buildConfigurationList = 847776591D124BF100DE8213 /* Build configuration list for PBXNativeTarget "CarmgrUITests" */;
			buildPhases = (
				847776461D124BF100DE8213 /* Sources */,
				847776471D124BF100DE8213 /* Frameworks */,
				847776481D124BF100DE8213 /* Resources */,
			);
			buildRules = (
			);
			dependencies = (
				8477764C1D124BF100DE8213 /* PBXTargetDependency */,
			);
			name = CarmgrUITests;
			productName = CarmgrUITests;
			productReference = 8477764A1D124BF100DE8213 /* CarmgrUITests.xctest */;
			productType = "com.apple.product-type.bundle.ui-testing";
		};
/* End PBXNativeTarget section */

/* Begin PBXProject section */
		8477761E1D124BF100DE8213 /* Project object */ = {
			isa = PBXProject;
			attributes = {
				LastUpgradeCheck = 0730;
				ORGANIZATIONNAME = YiWuCheBao;
				TargetAttributes = {
					847776251D124BF100DE8213 = {
						CreatedOnToolsVersion = 7.3.1;
						DevelopmentTeam = 78KF7V58AA;
					};
					8477763E1D124BF100DE8213 = {
						CreatedOnToolsVersion = 7.3.1;
						TestTargetID = 847776251D124BF100DE8213;
					};
					847776491D124BF100DE8213 = {
						CreatedOnToolsVersion = 7.3.1;
						TestTargetID = 847776251D124BF100DE8213;
					};
				};
			};
			buildConfigurationList = 847776211D124BF100DE8213 /* Build configuration list for PBXProject "Carmgr" */;
			compatibilityVersion = "Xcode 3.2";
			developmentRegion = English;
			hasScannedForEncodings = 0;
			knownRegions = (
				en,
				Base,
			);
			mainGroup = 8477761D1D124BF100DE8213;
			productRefGroup = 847776271D124BF100DE8213 /* Products */;
			projectDirPath = "";
			projectRoot = "";
			targets = (
				847776251D124BF100DE8213 /* Carmgr */,
				8477763E1D124BF100DE8213 /* CarmgrTests */,
				847776491D124BF100DE8213 /* CarmgrUITests */,
			);
		};
/* End PBXProject section */

/* Begin PBXResourcesBuildPhase section */
		847776241D124BF100DE8213 /* Resources */ = {
			isa = PBXResourcesBuildPhase;
			buildActionMask = 2147483647;
			files = (
				847776391D124BF100DE8213 /* LaunchScreen.storyboard in Resources */,
				847776791D13CA7700DE8213 /* u10.png in Resources */,
				84BAEED41D34EB7400227A15 /* 服务协议.txt in Resources */,
				84BAEEDD1D36053D00227A15 /* 方案1.png in Resources */,
				84F3C2B51D193AB300597BFD /* city.plist in Resources */,
				847776341D124BF100DE8213 /* Main.storyboard in Resources */,
				84F3C2D21D1B719E00597BFD /* Assets.xcassets in Resources */,
			);
			runOnlyForDeploymentPostprocessing = 0;
		};
		8477763D1D124BF100DE8213 /* Resources */ = {
			isa = PBXResourcesBuildPhase;
			buildActionMask = 2147483647;
			files = (
			);
			runOnlyForDeploymentPostprocessing = 0;
		};
		847776481D124BF100DE8213 /* Resources */ = {
			isa = PBXResourcesBuildPhase;
			buildActionMask = 2147483647;
			files = (
			);
			runOnlyForDeploymentPostprocessing = 0;
		};
/* End PBXResourcesBuildPhase section */

/* Begin PBXShellScriptBuildPhase section */
		661F53BAC21F250053A2D4A9 /* 📦 Embed Pods Frameworks */ = {
			isa = PBXShellScriptBuildPhase;
			buildActionMask = 2147483647;
			files = (
			);
			inputPaths = (
			);
			name = "📦 Embed Pods Frameworks";
			outputPaths = (
			);
			runOnlyForDeploymentPostprocessing = 0;
			shellPath = /bin/sh;
			shellScript = "\"${SRCROOT}/Pods/Target Support Files/Pods-Carmgr/Pods-Carmgr-frameworks.sh\"\n";
			showEnvVarsInLog = 0;
		};
		6D3CAD469AEE327504DC3EA1 /* 📦 Copy Pods Resources */ = {
			isa = PBXShellScriptBuildPhase;
			buildActionMask = 2147483647;
			files = (
			);
			inputPaths = (
			);
			name = "📦 Copy Pods Resources";
			outputPaths = (
			);
			runOnlyForDeploymentPostprocessing = 0;
			shellPath = /bin/sh;
			shellScript = "\"${SRCROOT}/Pods/Target Support Files/Pods-Carmgr/Pods-Carmgr-resources.sh\"\n";
			showEnvVarsInLog = 0;
		};
		A9AAF8A31FB3B7E3C6D1635E /* 📦 Check Pods Manifest.lock */ = {
			isa = PBXShellScriptBuildPhase;
			buildActionMask = 2147483647;
			files = (
			);
			inputPaths = (
			);
			name = "📦 Check Pods Manifest.lock";
			outputPaths = (
			);
			runOnlyForDeploymentPostprocessing = 0;
			shellPath = /bin/sh;
			shellScript = "diff \"${PODS_ROOT}/../Podfile.lock\" \"${PODS_ROOT}/Manifest.lock\" > /dev/null\nif [[ $? != 0 ]] ; then\n    cat << EOM\nerror: The sandbox is not in sync with the Podfile.lock. Run 'pod install' or update your CocoaPods installation.\nEOM\n    exit 1\nfi\n";
			showEnvVarsInLog = 0;
		};
/* End PBXShellScriptBuildPhase section */

/* Begin PBXSourcesBuildPhase section */
		847776221D124BF100DE8213 /* Sources */ = {
			isa = PBXSourcesBuildPhase;
			buildActionMask = 2147483647;
			files = (
				84BAEF001D3606C000227A15 /* AddCarCell.m in Sources */,
				84A929FE1D2618E1001DD20F /* DevelopViewController.m in Sources */,
				84BAEF0A1D36071A00227A15 /* SettingViewController.m in Sources */,
				84F3C2BC1D193CE600597BFD /* NavigationAttribute.m in Sources */,
				84BAEEE01D36056200227A15 /* FastLoginViewController.m in Sources */,
				84BEE12E1D24F34500D5FAD5 /* ServiceCollectionCell.m in Sources */,
				8477766D1D1258D800DE8213 /* YWCallViewController.m in Sources */,
				84BEE1241D24B86F00D5FAD5 /* HomeView.m in Sources */,
				847D09D41D2B980E00EBFF37 /* NSString+MD5.m in Sources */,
				84BAEEE91D3605B700227A15 /* YWRegistViewController.m in Sources */,
				847D09CD1D2A0E8400EBFF37 /* StoreView.m in Sources */,
				847776311D124BF100DE8213 /* ViewController.m in Sources */,
				84BAEF071D36070A00227A15 /* AddCarInfoViewController.m in Sources */,
				847776691D1258B800DE8213 /* YWStoreViewController.m in Sources */,
				847D09DE1D2D1C7300EBFF37 /* ProgressView.m in Sources */,
				84F3C2AF1D1920C400597BFD /* ScanImageViewController.m in Sources */,
				84A92A0C1D2681FF001DD20F /* HotTableViewCell.m in Sources */,
				847776661D1258AC00DE8213 /* YWHomeViewController.m in Sources */,
				84A92A081D266C26001DD20F /* UsedCarCollectionCell.m in Sources */,
				84BAEF041D3606DB00227A15 /* CarVerifyViewController.m in Sources */,
				84BAEEEC1D3605C800227A15 /* RegistView.m in Sources */,
				847D09E81D2FA82B00EBFF37 /* ProgressModel.m in Sources */,
				847776701D1258E500DE8213 /* YWProgressViewController.m in Sources */,
				8477762E1D124BF100DE8213 /* AppDelegate.m in Sources */,
				84BAEEF21D36064B00227A15 /* YWLoginViewController.m in Sources */,
				84F2719B1D225F0800498441 /* CityChooseViewController.m in Sources */,
				847D09D11D2A3E0B00EBFF37 /* StoreTableViewCell.m in Sources */,
				84F271981D22159E00498441 /* Interface.m in Sources */,
				84F3C2AC1D190AA600597BFD /* YWUserViewController.m in Sources */,
				84F3C2A91D190A8600597BFD /* YWPublic.m in Sources */,
				8477762B1D124BF100DE8213 /* main.m in Sources */,
				84BAEEE31D36057700227A15 /* FindPasswdViewController.m in Sources */,
				84BAEF011D3606C000227A15 /* AddCarInfoCell.m in Sources */,
				84BAEEFB1D3606A800227A15 /* AddCarInfoView.m in Sources */,
				84BAEEF81D36069100227A15 /* UserCenterFunc.m in Sources */,
				84BAEEEF1D3605DD00227A15 /* ServiceDelegateController.m in Sources */,
				84BAEEF51D36067300227A15 /* LoginView.m in Sources */,
				84BAEEE61D36058E00227A15 /* ResetPasswdViewController.m in Sources */,
				847776731D12591C00DE8213 /* YWTabBarController.m in Sources */,
				84A92A011D264F17001DD20F /* ServiceCollection.m in Sources */,
				84BAEEDB1D36051C00227A15 /* RegularTools.m in Sources */,
				847D09E51D2F6F8C00EBFF37 /* ProgressTableViewCell.m in Sources */,
			);
			runOnlyForDeploymentPostprocessing = 0;
		};
		8477763B1D124BF100DE8213 /* Sources */ = {
			isa = PBXSourcesBuildPhase;
			buildActionMask = 2147483647;
			files = (
				847776441D124BF100DE8213 /* CarmgrTests.m in Sources */,
			);
			runOnlyForDeploymentPostprocessing = 0;
		};
		847776461D124BF100DE8213 /* Sources */ = {
			isa = PBXSourcesBuildPhase;
			buildActionMask = 2147483647;
			files = (
				8477764F1D124BF100DE8213 /* CarmgrUITests.m in Sources */,
			);
			runOnlyForDeploymentPostprocessing = 0;
		};
/* End PBXSourcesBuildPhase section */

/* Begin PBXTargetDependency section */
		847776411D124BF100DE8213 /* PBXTargetDependency */ = {
			isa = PBXTargetDependency;
			target = 847776251D124BF100DE8213 /* Carmgr */;
			targetProxy = 847776401D124BF100DE8213 /* PBXContainerItemProxy */;
		};
		8477764C1D124BF100DE8213 /* PBXTargetDependency */ = {
			isa = PBXTargetDependency;
			target = 847776251D124BF100DE8213 /* Carmgr */;
			targetProxy = 8477764B1D124BF100DE8213 /* PBXContainerItemProxy */;
		};
/* End PBXTargetDependency section */

/* Begin PBXVariantGroup section */
		847776321D124BF100DE8213 /* Main.storyboard */ = {
			isa = PBXVariantGroup;
			children = (
				847776331D124BF100DE8213 /* Base */,
			);
			name = Main.storyboard;
			sourceTree = "<group>";
		};
		847776371D124BF100DE8213 /* LaunchScreen.storyboard */ = {
			isa = PBXVariantGroup;
			children = (
				847776381D124BF100DE8213 /* Base */,
			);
			name = LaunchScreen.storyboard;
			sourceTree = "<group>";
		};
/* End PBXVariantGroup section */

/* Begin XCBuildConfiguration section */
		847776511D124BF100DE8213 /* Debug */ = {
			isa = XCBuildConfiguration;
			buildSettings = {
				ALWAYS_SEARCH_USER_PATHS = NO;
				CLANG_ANALYZER_NONNULL = YES;
				CLANG_CXX_LANGUAGE_STANDARD = "gnu++0x";
				CLANG_CXX_LIBRARY = "libc++";
				CLANG_ENABLE_MODULES = YES;
				CLANG_ENABLE_OBJC_ARC = YES;
				CLANG_WARN_BOOL_CONVERSION = YES;
				CLANG_WARN_CONSTANT_CONVERSION = YES;
				CLANG_WARN_DIRECT_OBJC_ISA_USAGE = YES_ERROR;
				CLANG_WARN_EMPTY_BODY = YES;
				CLANG_WARN_ENUM_CONVERSION = YES;
				CLANG_WARN_INT_CONVERSION = YES;
				CLANG_WARN_OBJC_ROOT_CLASS = YES_ERROR;
				CLANG_WARN_UNREACHABLE_CODE = YES;
				CLANG_WARN__DUPLICATE_METHOD_MATCH = YES;
				"CODE_SIGN_IDENTITY[sdk=iphoneos*]" = "iPhone Developer";
				COPY_PHASE_STRIP = NO;
				DEBUG_INFORMATION_FORMAT = dwarf;
				ENABLE_STRICT_OBJC_MSGSEND = YES;
				ENABLE_TESTABILITY = YES;
				GCC_C_LANGUAGE_STANDARD = gnu99;
				GCC_DYNAMIC_NO_PIC = NO;
				GCC_NO_COMMON_BLOCKS = YES;
				GCC_OPTIMIZATION_LEVEL = 0;
				GCC_PREPROCESSOR_DEFINITIONS = (
					"DEBUG=1",
					"$(inherited)",
				);
				GCC_WARN_64_TO_32_BIT_CONVERSION = YES;
				GCC_WARN_ABOUT_RETURN_TYPE = YES_ERROR;
				GCC_WARN_UNDECLARED_SELECTOR = YES;
				GCC_WARN_UNINITIALIZED_AUTOS = YES_AGGRESSIVE;
				GCC_WARN_UNUSED_FUNCTION = YES;
				GCC_WARN_UNUSED_VARIABLE = YES;
				IPHONEOS_DEPLOYMENT_TARGET = 9.3;
				MTL_ENABLE_DEBUG_INFO = YES;
				ONLY_ACTIVE_ARCH = YES;
				SDKROOT = iphoneos;
			};
			name = Debug;
		};
		847776521D124BF100DE8213 /* Release */ = {
			isa = XCBuildConfiguration;
			buildSettings = {
				ALWAYS_SEARCH_USER_PATHS = NO;
				CLANG_ANALYZER_NONNULL = YES;
				CLANG_CXX_LANGUAGE_STANDARD = "gnu++0x";
				CLANG_CXX_LIBRARY = "libc++";
				CLANG_ENABLE_MODULES = YES;
				CLANG_ENABLE_OBJC_ARC = YES;
				CLANG_WARN_BOOL_CONVERSION = YES;
				CLANG_WARN_CONSTANT_CONVERSION = YES;
				CLANG_WARN_DIRECT_OBJC_ISA_USAGE = YES_ERROR;
				CLANG_WARN_EMPTY_BODY = YES;
				CLANG_WARN_ENUM_CONVERSION = YES;
				CLANG_WARN_INT_CONVERSION = YES;
				CLANG_WARN_OBJC_ROOT_CLASS = YES_ERROR;
				CLANG_WARN_UNREACHABLE_CODE = YES;
				CLANG_WARN__DUPLICATE_METHOD_MATCH = YES;
				"CODE_SIGN_IDENTITY[sdk=iphoneos*]" = "iPhone Developer";
				COPY_PHASE_STRIP = NO;
				DEBUG_INFORMATION_FORMAT = "dwarf-with-dsym";
				ENABLE_NS_ASSERTIONS = NO;
				ENABLE_STRICT_OBJC_MSGSEND = YES;
				GCC_C_LANGUAGE_STANDARD = gnu99;
				GCC_NO_COMMON_BLOCKS = YES;
				GCC_WARN_64_TO_32_BIT_CONVERSION = YES;
				GCC_WARN_ABOUT_RETURN_TYPE = YES_ERROR;
				GCC_WARN_UNDECLARED_SELECTOR = YES;
				GCC_WARN_UNINITIALIZED_AUTOS = YES_AGGRESSIVE;
				GCC_WARN_UNUSED_FUNCTION = YES;
				GCC_WARN_UNUSED_VARIABLE = YES;
				IPHONEOS_DEPLOYMENT_TARGET = 9.3;
				MTL_ENABLE_DEBUG_INFO = NO;
				SDKROOT = iphoneos;
				VALIDATE_PRODUCT = YES;
			};
			name = Release;
		};
		847776541D124BF100DE8213 /* Debug */ = {
			isa = XCBuildConfiguration;
			baseConfigurationReference = 66918D807C086A51FB9C2BE0 /* Pods-Carmgr.debug.xcconfig */;
			buildSettings = {
				ASSETCATALOG_COMPILER_APPICON_NAME = AppIcon;
				CODE_SIGN_IDENTITY = "iPhone Developer";
				"CODE_SIGN_IDENTITY[sdk=iphoneos*]" = "iPhone Developer";
				INFOPLIST_FILE = Carmgr/Info.plist;
				IPHONEOS_DEPLOYMENT_TARGET = 8.3;
				LD_RUNPATH_SEARCH_PATHS = "$(inherited) @executable_path/Frameworks";
				PRODUCT_BUNDLE_IDENTIFIER = com.yiwucheguanjia.Carmgr;
				PRODUCT_NAME = "$(TARGET_NAME)";
				PROVISIONING_PROFILE = "";
			};
			name = Debug;
		};
		847776551D124BF100DE8213 /* Release */ = {
			isa = XCBuildConfiguration;
			baseConfigurationReference = F4E02099F02D190DAD4B5B12 /* Pods-Carmgr.release.xcconfig */;
			buildSettings = {
				ASSETCATALOG_COMPILER_APPICON_NAME = AppIcon;
				CODE_SIGN_IDENTITY = "iPhone Developer";
				"CODE_SIGN_IDENTITY[sdk=iphoneos*]" = "iPhone Developer";
				INFOPLIST_FILE = Carmgr/Info.plist;
				IPHONEOS_DEPLOYMENT_TARGET = 8.3;
				LD_RUNPATH_SEARCH_PATHS = "$(inherited) @executable_path/Frameworks";
				PRODUCT_BUNDLE_IDENTIFIER = com.yiwucheguanjia.Carmgr;
				PRODUCT_NAME = "$(TARGET_NAME)";
				PROVISIONING_PROFILE = "";
			};
			name = Release;
		};
		847776571D124BF100DE8213 /* Debug */ = {
			isa = XCBuildConfiguration;
			buildSettings = {
				BUNDLE_LOADER = "$(TEST_HOST)";
				INFOPLIST_FILE = CarmgrTests/Info.plist;
				LD_RUNPATH_SEARCH_PATHS = "$(inherited) @executable_path/Frameworks @loader_path/Frameworks";
				PRODUCT_BUNDLE_IDENTIFIER = com.yiwucheguanjia.CarmgrTests;
				PRODUCT_NAME = "$(TARGET_NAME)";
				TEST_HOST = "$(BUILT_PRODUCTS_DIR)/Carmgr.app/Carmgr";
			};
			name = Debug;
		};
		847776581D124BF100DE8213 /* Release */ = {
			isa = XCBuildConfiguration;
			buildSettings = {
				BUNDLE_LOADER = "$(TEST_HOST)";
				INFOPLIST_FILE = CarmgrTests/Info.plist;
				LD_RUNPATH_SEARCH_PATHS = "$(inherited) @executable_path/Frameworks @loader_path/Frameworks";
				PRODUCT_BUNDLE_IDENTIFIER = com.yiwucheguanjia.CarmgrTests;
				PRODUCT_NAME = "$(TARGET_NAME)";
				TEST_HOST = "$(BUILT_PRODUCTS_DIR)/Carmgr.app/Carmgr";
			};
			name = Release;
		};
		8477765A1D124BF100DE8213 /* Debug */ = {
			isa = XCBuildConfiguration;
			buildSettings = {
				INFOPLIST_FILE = CarmgrUITests/Info.plist;
				LD_RUNPATH_SEARCH_PATHS = "$(inherited) @executable_path/Frameworks @loader_path/Frameworks";
				PRODUCT_BUNDLE_IDENTIFIER = com.yiwucheguanjia.CarmgrUITests;
				PRODUCT_NAME = "$(TARGET_NAME)";
				TEST_TARGET_NAME = Carmgr;
			};
			name = Debug;
		};
		8477765B1D124BF100DE8213 /* Release */ = {
			isa = XCBuildConfiguration;
			buildSettings = {
				INFOPLIST_FILE = CarmgrUITests/Info.plist;
				LD_RUNPATH_SEARCH_PATHS = "$(inherited) @executable_path/Frameworks @loader_path/Frameworks";
				PRODUCT_BUNDLE_IDENTIFIER = com.yiwucheguanjia.CarmgrUITests;
				PRODUCT_NAME = "$(TARGET_NAME)";
				TEST_TARGET_NAME = Carmgr;
			};
			name = Release;
		};
/* End XCBuildConfiguration section */

/* Begin XCConfigurationList section */
		847776211D124BF100DE8213 /* Build configuration list for PBXProject "Carmgr" */ = {
			isa = XCConfigurationList;
			buildConfigurations = (
				847776511D124BF100DE8213 /* Debug */,
				847776521D124BF100DE8213 /* Release */,
			);
			defaultConfigurationIsVisible = 0;
			defaultConfigurationName = Release;
		};
		847776531D124BF100DE8213 /* Build configuration list for PBXNativeTarget "Carmgr" */ = {
			isa = XCConfigurationList;
			buildConfigurations = (
				847776541D124BF100DE8213 /* Debug */,
				847776551D124BF100DE8213 /* Release */,
			);
			defaultConfigurationIsVisible = 0;
			defaultConfigurationName = Release;
		};
		847776561D124BF100DE8213 /* Build configuration list for PBXNativeTarget "CarmgrTests" */ = {
			isa = XCConfigurationList;
			buildConfigurations = (
				847776571D124BF100DE8213 /* Debug */,
				847776581D124BF100DE8213 /* Release */,
			);
			defaultConfigurationIsVisible = 0;
			defaultConfigurationName = Release;
		};
		847776591D124BF100DE8213 /* Build configuration list for PBXNativeTarget "CarmgrUITests" */ = {
			isa = XCConfigurationList;
			buildConfigurations = (
				8477765A1D124BF100DE8213 /* Debug */,
				8477765B1D124BF100DE8213 /* Release */,
			);
			defaultConfigurationIsVisible = 0;
			defaultConfigurationName = Release;
		};
/* End XCConfigurationList section */
	};
	rootObject = 8477761E1D124BF100DE8213 /* Project object */;
}
